
Microsoft Visual Studio Solution File, Format Version 12.00
# Visual Studio 14
VisualStudioVersion = 14.0.25420.1
MinimumVisualStudioVersion = 10.0.40219.1
Project("{FAE04EC0-301F-11D3-BF4B-00C04F79EFBC}") = "A_Dormitory", "A_Dormitory\A_Dormitory.csproj", "{09DC74B8-89EC-410D-9539-6FE3E639F70A}"
EndProject
Project("{FAE04EC0-301F-11D3-BF4B-00C04F79EFBC}") = "A_Dormitory.Tests", "A_Dormitory.Tests\A_Dormitory.Tests.csproj", "{CDA3A92F-B296-47B8-8F95-FE2912C81034}"
EndProject
Global
	GlobalSection(SolutionConfigurationPlatforms) = preSolution
		Debug|Any CPU = Debug|Any CPU
		Release|Any CPU = Release|Any CPU
	EndGlobalSection
	GlobalSection(ProjectConfigurationPlatforms) = postSolution
		{09DC74B8-89EC-410D-9539-6FE3E639F70A}.Debug|Any CPU.ActiveCfg = Debug|Any CPU
		{09DC74B8-89EC-410D-9539-6FE3E639F70A}.Debug|Any CPU.Build.0 = Debug|Any CPU
		{09DC74B8-89EC-410D-9539-6FE3E639F70A}.Release|Any CPU.ActiveCfg = Release|Any CPU
		{09DC74B8-89EC-410D-9539-6FE3E639F70A}.Release|Any CPU.Build.0 = Release|Any CPU
		{CDA3A92F-B296-47B8-8F95-FE2912C81034}.Debug|Any CPU.ActiveCfg = Debug|Any CPU
		{CDA3A92F-B296-47B8-8F95-FE2912C81034}.Debug|Any CPU.Build.0 = Debug|Any CPU
		{CDA3A92F-B296-47B8-8F95-FE2912C81034}.Release|Any CPU.ActiveCfg = Release|Any CPU
		{CDA3A92F-B296-47B8-8F95-FE2912C81034}.Release|Any CPU.Build.0 = Release|Any CPU
	EndGlobalSection
	GlobalSection(SolutionProperties) = preSolution
		HideSolutionNode = FALSE
	EndGlobalSection
EndGlobal
